
Microsoft Visual Studio Solution File, Format Version 12.00
# Visual Studio Version 17
VisualStudioVersion = 17.7.34031.279
MinimumVisualStudioVersion = 10.0.40219.1
Project("{FAE04EC0-301F-11D3-BF4B-00C04F79EFBC}") = "MayExam2024", "MayExam2024\MayExam2024.csproj", "{E414D989-4A16-404D-BD08-E1EE64005A3C}"
EndProject
Global
	GlobalSection(SolutionConfigurationPlatforms) = preSolution
		Debug|Any CPU = Debug|Any CPU
		Release|Any CPU = Release|Any CPU
	EndGlobalSection
	GlobalSection(ProjectConfigurationPlatforms) = postSolution
		{E414D989-4A16-404D-BD08-E1EE64005A3C}.Debug|Any CPU.ActiveCfg = Debug|Any CPU
		{E414D989-4A16-404D-BD08-E1EE64005A3C}.Debug|Any CPU.Build.0 = Debug|Any CPU
		{E414D989-4A16-404D-BD08-E1EE64005A3C}.Release|Any CPU.ActiveCfg = Release|Any CPU
		{E414D989-4A16-404D-BD08-E1EE64005A3C}.Release|Any CPU.Build.0 = Release|Any CPU
	EndGlobalSection
	GlobalSection(SolutionProperties) = preSolution
		HideSolutionNode = FALSE
	EndGlobalSection
	GlobalSection(ExtensibilityGlobals) = postSolution
		SolutionGuid = {388EA3AD-5FF7-4139-8EBE-102F89312AC6}
	EndGlobalSection
EndGlobal
